// !$*UTF8*$!
{
	archiveVersion = 1;
	classes = {
	};
	objectVersion = 46;
	objects = {

/* Begin PBXBuildFile section */
		538761FA1A329DEE00705254 /* AppDelegate.swift in Sources */ = {isa = PBXBuildFile; fileRef = 538761F91A329DEE00705254 /* AppDelegate.swift */; };
		538761FC1A329DEE00705254 /* ViewController.swift in Sources */ = {isa = PBXBuildFile; fileRef = 538761FB1A329DEE00705254 /* ViewController.swift */; };
		538761FF1A329DEE00705254 /* Main.storyboard in Resources */ = {isa = PBXBuildFile; fileRef = 538761FD1A329DEE00705254 /* Main.storyboard */; };
		538762011A329DEE00705254 /* Images.xcassets in Resources */ = {isa = PBXBuildFile; fileRef = 538762001A329DEE00705254 /* Images.xcassets */; };
		538762041A329DEE00705254 /* LaunchScreen.xib in Resources */ = {isa = PBXBuildFile; fileRef = 538762021A329DEE00705254 /* LaunchScreen.xib */; };
		538762101A329DEE00705254 /* BeaconSampleTests.swift in Sources */ = {isa = PBXBuildFile; fileRef = 5387620F1A329DEE00705254 /* BeaconSampleTests.swift */; };
		5387621A1A329E7600705254 /* BeaconManager.swift in Sources */ = {isa = PBXBuildFile; fileRef = 538762191A329E7600705254 /* BeaconManager.swift */; };
/* End PBXBuildFile section */

/* Begin PBXContainerItemProxy section */
		5387620A1A329DEE00705254 /* PBXContainerItemProxy */ = {
			isa = PBXContainerItemProxy;
			containerPortal = 538761EC1A329DEE00705254 /* Project object */;
			proxyType = 1;
			remoteGlobalIDString = 538761F31A329DEE00705254;
			remoteInfo = BeaconSample;
		};
/* End PBXContainerItemProxy section */

/* Begin PBXFileReference section */
		538761F41A329DEE00705254 /* BeaconSample.app */ = {isa = PBXFileReference; explicitFileType = wrapper.application; includeInIndex = 0; path = BeaconSample.app; sourceTree = BUILT_PRODUCTS_DIR; };
		538761F81A329DEE00705254 /* Info.plist */ = {isa = PBXFileReference; lastKnownFileType = text.plist.xml; path = Info.plist; sourceTree = "<group>"; };
		538761F91A329DEE00705254 /* AppDelegate.swift */ = {isa = PBXFileReference; lastKnownFileType = sourcecode.swift; path = AppDelegate.swift; sourceTree = "<group>"; };
		538761FB1A329DEE00705254 /* ViewController.swift */ = {isa = PBXFileReference; lastKnownFileType = sourcecode.swift; path = ViewController.swift; sourceTree = "<group>"; };
		538761FE1A329DEE00705254 /* Base */ = {isa = PBXFileReference; lastKnownFileType = file.storyboard; name = Base; path = Base.lproj/Main.storyboard; sourceTree = "<group>"; };
		538762001A329DEE00705254 /* Images.xcassets */ = {isa = PBXFileReference; lastKnownFileType = folder.assetcatalog; path = Images.xcassets; sourceTree = "<group>"; };
		538762031A329DEE00705254 /* Base */ = {isa = PBXFileReference; lastKnownFileType = file.xib; name = Base; path = Base.lproj/LaunchScreen.xib; sourceTree = "<group>"; };
		538762091A329DEE00705254 /* BeaconSampleTests.xctest */ = {isa = PBXFileReference; explicitFileType = wrapper.cfbundle; includeInIndex = 0; path = BeaconSampleTests.xctest; sourceTree = BUILT_PRODUCTS_DIR; };
		5387620E1A329DEE00705254 /* Info.plist */ = {isa = PBXFileReference; lastKnownFileType = text.plist.xml; path = Info.plist; sourceTree = "<group>"; };
		5387620F1A329DEE00705254 /* BeaconSampleTests.swift */ = {isa = PBXFileReference; lastKnownFileType = sourcecode.swift; path = BeaconSampleTests.swift; sourceTree = "<group>"; };
		538762191A329E7600705254 /* BeaconManager.swift */ = {isa = PBXFileReference; fileEncoding = 4; lastKnownFileType = sourcecode.swift; path = BeaconManager.swift; sourceTree = "<group>"; };
/* End PBXFileReference section */

/* Begin PBXFrameworksBuildPhase section */
		538761F11A329DEE00705254 /* Frameworks */ = {
			isa = PBXFrameworksBuildPhase;
			buildActionMask = 2147483647;
			files = (
			);
			runOnlyForDeploymentPostprocessing = 0;
		};
		538762061A329DEE00705254 /* Frameworks */ = {
			isa = PBXFrameworksBuildPhase;
			buildActionMask = 2147483647;
			files = (
			);
			runOnlyForDeploymentPostprocessing = 0;
		};
/* End PBXFrameworksBuildPhase section */

/* Begin PBXGroup section */
		538761EB1A329DEE00705254 = {
			isa = PBXGroup;
			children = (
				538761F61A329DEE00705254 /* BeaconSample */,
				5387620C1A329DEE00705254 /* BeaconSampleTests */,
				538761F51A329DEE00705254 /* Products */,
			);
			sourceTree = "<group>";
		};
		538761F51A329DEE00705254 /* Products */ = {
			isa = PBXGroup;
			children = (
				538761F41A329DEE00705254 /* BeaconSample.app */,
				538762091A329DEE00705254 /* BeaconSampleTests.xctest */,
			);
			name = Products;
			sourceTree = "<group>";
		};
		538761F61A329DEE00705254 /* BeaconSample */ = {
			isa = PBXGroup;
			children = (
				538761F91A329DEE00705254 /* AppDelegate.swift */,
				538762191A329E7600705254 /* BeaconManager.swift */,
				538761FB1A329DEE00705254 /* ViewController.swift */,
				538761FD1A329DEE00705254 /* Main.storyboard */,
				538762001A329DEE00705254 /* Images.xcassets */,
				538762021A329DEE00705254 /* LaunchScreen.xib */,
				538761F71A329DEE00705254 /* Supporting Files */,
			);
			path = BeaconSample;
			sourceTree = "<group>";
		};
		538761F71A329DEE00705254 /* Supporting Files */ = {
			isa = PBXGroup;
			children = (
				538761F81A329DEE00705254 /* Info.plist */,
			);
			name = "Supporting Files";
			sourceTree = "<group>";
		};
		5387620C1A329DEE00705254 /* BeaconSampleTests */ = {
			isa = PBXGroup;
			children = (
				5387620F1A329DEE00705254 /* BeaconSampleTests.swift */,
				5387620D1A329DEE00705254 /* Supporting Files */,
			);
			path = BeaconSampleTests;
			sourceTree = "<group>";
		};
		5387620D1A329DEE00705254 /* Supporting Files */ = {
			isa = PBXGroup;
			children = (
				5387620E1A329DEE00705254 /* Info.plist */,
			);
			name = "Supporting Files";
			sourceTree = "<group>";
		};
/* End PBXGroup section */

/* Begin PBXNativeTarget section */
		538761F31A329DEE00705254 /* BeaconSample */ = {
			isa = PBXNativeTarget;
			buildConfigurationList = 538762131A329DEE00705254 /* Build configuration list for PBXNativeTarget "BeaconSample" */;
			buildPhases = (
				538761F01A329DEE00705254 /* Sources */,
				538761F11A329DEE00705254 /* Frameworks */,
				538761F21A329DEE00705254 /* Resources */,
			);
			buildRules = (
			);
			dependencies = (
			);
			name = BeaconSample;
			productName = BeaconSample;
			productReference = 538761F41A329DEE00705254 /* BeaconSample.app */;
			productType = "com.apple.product-type.application";
		};
		538762081A329DEE00705254 /* BeaconSampleTests */ = {
			isa = PBXNativeTarget;
			buildConfigurationList = 538762161A329DEE00705254 /* Build configuration list for PBXNativeTarget "BeaconSampleTests" */;
			buildPhases = (
				538762051A329DEE00705254 /* Sources */,
				538762061A329DEE00705254 /* Frameworks */,
				538762071A329DEE00705254 /* Resources */,
			);
			buildRules = (
			);
			dependencies = (
				5387620B1A329DEE00705254 /* PBXTargetDependency */,
			);
			name = BeaconSampleTests;
			productName = BeaconSampleTests;
			productReference = 538762091A329DEE00705254 /* BeaconSampleTests.xctest */;
			productType = "com.apple.product-type.bundle.unit-test";
		};
/* End PBXNativeTarget section */

/* Begin PBXProject section */
		538761EC1A329DEE00705254 /* Project object */ = {
			isa = PBXProject;
			attributes = {
				LastUpgradeCheck = 0610;
				ORGANIZATIONNAME = "Masato Oshima";
				TargetAttributes = {
					538761F31A329DEE00705254 = {
						CreatedOnToolsVersion = 6.1.1;
						SystemCapabilities = {
							com.apple.BackgroundModes = {
								enabled = 1;
							};
						};
					};
					538762081A329DEE00705254 = {
						CreatedOnToolsVersion = 6.1.1;
						TestTargetID = 538761F31A329DEE00705254;
					};
				};
			};
			buildConfigurationList = 538761EF1A329DEE00705254 /* Build configuration list for PBXProject "BeaconSample" */;
			compatibilityVersion = "Xcode 3.2";
			developmentRegion = English;
			hasScannedForEncodings = 0;
			knownRegions = (
				en,
				Base,
			);
			mainGroup = 538761EB1A329DEE00705254;
			productRefGroup = 538761F51A329DEE00705254 /* Products */;
			projectDirPath = "";
			projectRoot = "";
			targets = (
				538761F31A329DEE00705254 /* BeaconSample */,
				538762081A329DEE00705254 /* BeaconSampleTests */,
			);
		};
/* End PBXProject section */

/* Begin PBXResourcesBuildPhase section */
		538761F21A329DEE00705254 /* Resources */ = {
			isa = PBXResourcesBuildPhase;
			buildActionMask = 2147483647;
			files = (
				538761FF1A329DEE00705254 /* Main.storyboard in Resources */,
				538762041A329DEE00705254 /* LaunchScreen.xib in Resources */,
				538762011A329DEE00705254 /* Images.xcassets in Resources */,
			);
			runOnlyForDeploymentPostprocessing = 0;
		};
		538762071A329DEE00705254 /* Resources */ = {
			isa = PBXResourcesBuildPhase;
			buildActionMask = 2147483647;
			files = (
			);
			runOnlyForDeploymentPostprocessing = 0;
		};
/* End PBXResourcesBuildPhase section */

/* Begin PBXSourcesBuildPhase section */
		538761F01A329DEE00705254 /* Sources */ = {
			isa = PBXSourcesBuildPhase;
			buildActionMask = 2147483647;
			files = (
				5387621A1A329E7600705254 /* BeaconManager.swift in Sources */,
				538761FC1A329DEE00705254 /* ViewController.swift in Sources */,
				538761FA1A329DEE00705254 /* AppDelegate.swift in Sources */,
			);
			runOnlyForDeploymentPostprocessing = 0;
		};
		538762051A329DEE00705254 /* Sources */ = {
			isa = PBXSourcesBuildPhase;
			buildActionMask = 2147483647;
			files = (
				538762101A329DEE00705254 /* BeaconSampleTests.swift in Sources */,
			);
			runOnlyForDeploymentPostprocessing = 0;
		};
/* End PBXSourcesBuildPhase section */

/* Begin PBXTargetDependency section */
		5387620B1A329DEE00705254 /* PBXTargetDependency */ = {
			isa = PBXTargetDependency;
			target = 538761F31A329DEE00705254 /* BeaconSample */;
			targetProxy = 5387620A1A329DEE00705254 /* PBXContainerItemProxy */;
		};
/* End PBXTargetDependency section */

/* Begin PBXVariantGroup section */
		538761FD1A329DEE00705254 /* Main.storyboard */ = {
			isa = PBXVariantGroup;
			children = (
				538761FE1A329DEE00705254 /* Base */,
			);
			name = Main.storyboard;
			sourceTree = "<group>";
		};
		538762021A329DEE00705254 /* LaunchScreen.xib */ = {
			isa = PBXVariantGroup;
			children = (
				538762031A329DEE00705254 /* Base */,
			);
			name = LaunchScreen.xib;
			sourceTree = "<group>";
		};
/* End PBXVariantGroup section */

/* Begin XCBuildConfiguration section */
		538762111A329DEE00705254 /* Debug */ = {
			isa = XCBuildConfiguration;
			buildSettings = {
				ALWAYS_SEARCH_USER_PATHS = NO;
				CLANG_CXX_LANGUAGE_STANDARD = "gnu++0x";
				CLANG_CXX_LIBRARY = "libc++";
				CLANG_ENABLE_MODULES = YES;
				CLANG_ENABLE_OBJC_ARC = YES;
				CLANG_WARN_BOOL_CONVERSION = YES;
				CLANG_WARN_CONSTANT_CONVERSION = YES;
				CLANG_WARN_DIRECT_OBJC_ISA_USAGE = YES_ERROR;
				CLANG_WARN_EMPTY_BODY = YES;
				CLANG_WARN_ENUM_CONVERSION = YES;
				CLANG_WARN_INT_CONVERSION = YES;
				CLANG_WARN_OBJC_ROOT_CLASS = YES_ERROR;
				CLANG_WARN_UNREACHABLE_CODE = YES;
				CLANG_WARN__DUPLICATE_METHOD_MATCH = YES;
				"CODE_SIGN_IDENTITY[sdk=iphoneos*]" = "iPhone Developer";
				COPY_PHASE_STRIP = NO;
				ENABLE_STRICT_OBJC_MSGSEND = YES;
				GCC_C_LANGUAGE_STANDARD = gnu99;
				GCC_DYNAMIC_NO_PIC = NO;
				GCC_OPTIMIZATION_LEVEL = 0;
				GCC_PREPROCESSOR_DEFINITIONS = (
					"DEBUG=1",
					"$(inherited)",
				);
				GCC_SYMBOLS_PRIVATE_EXTERN = NO;
				GCC_WARN_64_TO_32_BIT_CONVERSION = YES;
				GCC_WARN_ABOUT_RETURN_TYPE = YES_ERROR;
				GCC_WARN_UNDECLARED_SELECTOR = YES;
				GCC_WARN_UNINITIALIZED_AUTOS = YES_AGGRESSIVE;
				GCC_WARN_UNUSED_FUNCTION = YES;
				GCC_WARN_UNUSED_VARIABLE = YES;
				IPHONEOS_DEPLOYMENT_TARGET = 8.1;
				MTL_ENABLE_DEBUG_INFO = YES;
				ONLY_ACTIVE_ARCH = YES;
				SDKROOT = iphoneos;
				SWIFT_OPTIMIZATION_LEVEL = "-Onone";
			};
			name = Debug;
		};
		538762121A329DEE00705254 /* Release */ = {
			isa = XCBuildConfiguration;
			buildSettings = {
				ALWAYS_SEARCH_USER_PATHS = NO;
				CLANG_CXX_LANGUAGE_STANDARD = "gnu++0x";
				CLANG_CXX_LIBRARY = "libc++";
				CLANG_ENABLE_MODULES = YES;
				CLANG_ENABLE_OBJC_ARC = YES;
				CLANG_WARN_BOOL_CONVERSION = YES;
				CLANG_WARN_CONSTANT_CONVERSION = YES;
				CLANG_WARN_DIRECT_OBJC_ISA_USAGE = YES_ERROR;
				CLANG_WARN_EMPTY_BODY = YES;
				CLANG_WARN_ENUM_CONVERSION = YES;
				CLANG_WARN_INT_CONVERSION = YES;
				CLANG_WARN_OBJC_ROOT_CLASS = YES_ERROR;
				CLANG_WARN_UNREACHABLE_CODE = YES;
				CLANG_WARN__DUPLICATE_METHOD_MATCH = YES;
				"CODE_SIGN_IDENTITY[sdk=iphoneos*]" = "iPhone Developer";
				COPY_PHASE_STRIP = YES;
				ENABLE_NS_ASSERTIONS = NO;
				ENABLE_STRICT_OBJC_MSGSEND = YES;
				GCC_C_LANGUAGE_STANDARD = gnu99;
				GCC_WARN_64_TO_32_BIT_CONVERSION = YES;
				GCC_WARN_ABOUT_RETURN_TYPE = YES_ERROR;
				GCC_WARN_UNDECLARED_SELECTOR = YES;
				GCC_WARN_UNINITIALIZED_AUTOS = YES_AGGRESSIVE;
				GCC_WARN_UNUSED_FUNCTION = YES;
				GCC_WARN_UNUSED_VARIABLE = YES;
				IPHONEOS_DEPLOYMENT_TARGET = 8.1;
				MTL_ENABLE_DEBUG_INFO = NO;
				SDKROOT = iphoneos;
				VALIDATE_PRODUCT = YES;
			};
			name = Release;
		};
		538762141A329DEE00705254 /* Debug */ = {
			isa = XCBuildConfiguration;
			buildSettings = {
				ASSETCATALOG_COMPILER_APPICON_NAME = AppIcon;
				INFOPLIST_FILE = BeaconSample/Info.plist;
				LD_RUNPATH_SEARCH_PATHS = "$(inherited) @executable_path/Frameworks";
				PRODUCT_NAME = "$(TARGET_NAME)";
			};
			name = Debug;
		};
		538762151A329DEE00705254 /* Release */ = {
			isa = XCBuildConfiguration;
			buildSettings = {
				ASSETCATALOG_COMPILER_APPICON_NAME = AppIcon;
				INFOPLIST_FILE = BeaconSample/Info.plist;
				LD_RUNPATH_SEARCH_PATHS = "$(inherited) @executable_path/Frameworks";
				PRODUCT_NAME = "$(TARGET_NAME)";
			};
			name = Release;
		};
		538762171A329DEE00705254 /* Debug */ = {
			isa = XCBuildConfiguration;
			buildSettings = {
				BUNDLE_LOADER = "$(TEST_HOST)";
				FRAMEWORK_SEARCH_PATHS = (
					"$(SDKROOT)/Developer/Library/Frameworks",
					"$(inherited)",
				);
				GCC_PREPROCESSOR_DEFINITIONS = (
					"DEBUG=1",
					"$(inherited)",
				);
				INFOPLIST_FILE = BeaconSampleTests/Info.plist;
				LD_RUNPATH_SEARCH_PATHS = "$(inherited) @executable_path/Frameworks @loader_path/Frameworks";
				PRODUCT_NAME = "$(TARGET_NAME)";
				TEST_HOST = "$(BUILT_PRODUCTS_DIR)/BeaconSample.app/BeaconSample";
			};
			name = Debug;
		};
		538762181A329DEE00705254 /* Release */ = {
			isa = XCBuildConfiguration;
			buildSettings = {
				BUNDLE_LOADER = "$(TEST_HOST)";
				FRAMEWORK_SEARCH_PATHS = (
					"$(SDKROOT)/Developer/Library/Frameworks",
					"$(inherited)",
				);
				INFOPLIST_FILE = BeaconSampleTests/Info.plist;
				LD_RUNPATH_SEARCH_PATHS = "$(inherited) @executable_path/Frameworks @loader_path/Frameworks";
				PRODUCT_NAME = "$(TARGET_NAME)";
				TEST_HOST = "$(BUILT_PRODUCTS_DIR)/BeaconSample.app/BeaconSample";
			};
			name = Release;
		};
/* End XCBuildConfiguration section */

/* Begin XCConfigurationList section */
		538761EF1A329DEE00705254 /* Build configuration list for PBXProject "BeaconSample" */ = {
			isa = XCConfigurationList;
			buildConfigurations = (
				538762111A329DEE00705254 /* Debug */,
				538762121A329DEE00705254 /* Release */,
			);
			defaultConfigurationIsVisible = 0;
			defaultConfigurationName = Release;
		};
		538762131A329DEE00705254 /* Build configuration list for PBXNativeTarget "BeaconSample" */ = {
			isa = XCConfigurationList;
			buildConfigurations = (
				538762141A329DEE00705254 /* Debug */,
				538762151A329DEE00705254 /* Release */,
			);
			defaultConfigurationIsVisible = 0;
		};
		538762161A329DEE00705254 /* Build configuration list for PBXNativeTarget "BeaconSampleTests" */ = {
			isa = XCConfigurationList;
			buildConfigurations = (
				538762171A329DEE00705254 /* Debug */,
				538762181A329DEE00705254 /* Release */,
			);
			defaultConfigurationIsVisible = 0;
		};
/* End XCConfigurationList section */
	};
	rootObject = 538761EC1A329DEE00705254 /* Project object */;
}
